
Microsoft Visual Studio Solution File, Format Version 12.00
# Visual Studio Version 17
VisualStudioVersion = 17.0.32014.148
MinimumVisualStudioVersion = 10.0.40219.1
Project("{FAE04EC0-301F-11D3-BF4B-00C04F79EFBC}") = "Shopping.Client", "Shopping.Client\Shopping.Client.csproj", "{998C89C7-2972-49C6-8BAE-F6CF51DF707E}"
EndProject
Global
	GlobalSection(SolutionConfigurationPlatforms) = preSolution
		Debug|Any CPU = Debug|Any CPU
		Release|Any CPU = Release|Any CPU
	EndGlobalSection
	GlobalSection(ProjectConfigurationPlatforms) = postSolution
		{998C89C7-2972-49C6-8BAE-F6CF51DF707E}.Debug|Any CPU.ActiveCfg = Debug|Any CPU
		{998C89C7-2972-49C6-8BAE-F6CF51DF707E}.Debug|Any CPU.Build.0 = Debug|Any CPU
		{998C89C7-2972-49C6-8BAE-F6CF51DF707E}.Release|Any CPU.ActiveCfg = Release|Any CPU
		{998C89C7-2972-49C6-8BAE-F6CF51DF707E}.Release|Any CPU.Build.0 = Release|Any CPU
	EndGlobalSection
	GlobalSection(SolutionProperties) = preSolution
		HideSolutionNode = FALSE
	EndGlobalSection
	GlobalSection(ExtensibilityGlobals) = postSolution
		SolutionGuid = {37FE99ED-A5B3-421C-8028-7F84B51141CA}
	EndGlobalSection
EndGlobal
